Microsoft Visual Studio Solution File, Format Version 12.00
# Visual Studio Version 16
VisualStudioVersion = 16.0.30611.23
MinimumVisualStudioVersion = 10.0.40219.1
Project("{FAE04EC0-301F-11D3-BF4B-00C04F79EFBC}") = "FogMod", "FogMod.csproj", "{3202278F-0240-4089-BC22-D567F9D3FB24}"
EndProject
Project("{FAE04EC0-301F-11D3-BF4B-00C04F79EFBC}") = "Ds3FogModTests", "Ds3FogModTests\Ds3FogModTests.csproj", "{6BEFF819-B209-4215-B709-0539510BC9E6}"
	ProjectSection(ProjectDependencies) = postProject
		{3202278F-0240-4089-BC22-D567F9D3FB24} = {3202278F-0240-4089-BC22-D567F9D3FB24}
	EndProjectSection
EndProject
Global
	GlobalSection(SolutionConfigurationPlatforms) = preSolution
		Debug|Any CPU = Debug|Any CPU
		Debug|x64 = Debug|x64
		Debug|x86 = Debug|x86
		Release|Any CPU = Release|Any CPU
		Release|x64 = Release|x64
		Release|x86 = Release|x86
	EndGlobalSection
	GlobalSection(ProjectConfigurationPlatforms) = postSolution
		{3202278F-0240-4089-BC22-D567F9D3FB24}.Debug|Any CPU.ActiveCfg = Debug|Any CPU
		{3202278F-0240-4089-BC22-D567F9D3FB24}.Debug|Any CPU.Build.0 = Debug|Any CPU
		{3202278F-0240-4089-BC22-D567F9D3FB24}.Debug|x64.ActiveCfg = Debug|Any CPU
		{3202278F-0240-4089-BC22-D567F9D3FB24}.Debug|x64.Build.0 = Debug|Any CPU
		{3202278F-0240-4089-BC22-D567F9D3FB24}.Debug|x86.ActiveCfg = Debug|x86
		{3202278F-0240-4089-BC22-D567F9D3FB24}.Debug|x86.Build.0 = Debug|x86
		{3202278F-0240-4089-BC22-D567F9D3FB24}.Release|Any CPU.ActiveCfg = Release|Any CPU
		{3202278F-0240-4089-BC22-D567F9D3FB24}.Release|Any CPU.Build.0 = Release|Any CPU
		{3202278F-0240-4089-BC22-D567F9D3FB24}.Release|x64.ActiveCfg = Release|x64
		{3202278F-0240-4089-BC22-D567F9D3FB24}.Release|x64.Build.0 = Release|x64
		{3202278F-0240-4089-BC22-D567F9D3FB24}.Release|x86.ActiveCfg = Release|x86
		{3202278F-0240-4089-BC22-D567F9D3FB24}.Release|x86.Build.0 = Release|x86
		{6BEFF819-B209-4215-B709-0539510BC9E6}.Debug|Any CPU.ActiveCfg = Debug|Any CPU
		{6BEFF819-B209-4215-B709-0539510BC9E6}.Debug|Any CPU.Build.0 = Debug|Any CPU
		{6BEFF819-B209-4215-B709-0539510BC9E6}.Debug|x64.ActiveCfg = Debug|Any CPU
		{6BEFF819-B209-4215-B709-0539510BC9E6}.Debug|x64.Build.0 = Debug|Any CPU
		{6BEFF819-B209-4215-B709-0539510BC9E6}.Debug|x86.ActiveCfg = Debug|x86
		{6BEFF819-B209-4215-B709-0539510BC9E6}.Debug|x86.Build.0 = Debug|x86
		{6BEFF819-B209-4215-B709-0539510BC9E6}.Release|Any CPU.ActiveCfg = Release|Any CPU
		{6BEFF819-B209-4215-B709-0539510BC9E6}.Release|Any CPU.Build.0 = Release|Any CPU
		{6BEFF819-B209-4215-B709-0539510BC9E6}.Release|x64.ActiveCfg = Release|x64
		{6BEFF819-B209-4215-B709-0539510BC9E6}.Release|x64.Build.0 = Release|x64
		{6BEFF819-B209-4215-B709-0539510BC9E6}.Release|x86.ActiveCfg = Release|x86
		{6BEFF819-B209-4215-B709-0539510BC9E6}.Release|x86.Build.0 = Release|x86
	EndGlobalSection
	GlobalSection(SolutionProperties) = preSolution
		HideSolutionNode = FALSE
	EndGlobalSection
	GlobalSection(ExtensibilityGlobals) = postSolution
		SolutionGuid = {6F071CF6-7A98-4B76-A57B-9D47A2E5BEE3}
	EndGlobalSection
EndGlobal
